
Microsoft Visual Studio Solution File, Format Version 12.00
# Visual Studio 15
VisualStudioVersion = 15.0.28010.2003
MinimumVisualStudioVersion = 10.0.40219.1
Project("{FAE04EC0-301F-11D3-BF4B-00C04F79EFBC}") = "Entidades", "tp_laboratorio_2\Entidades.csproj", "{CC9CAF0E-A62A-4E70-A3DA-42DC2C04F36E}"
EndProject
Global
	GlobalSection(SolutionConfigurationPlatforms) = preSolution
		Debug|Any CPU = Debug|Any CPU
		Release|Any CPU = Release|Any CPU
	EndGlobalSection
	GlobalSection(ProjectConfigurationPlatforms) = postSolution
		{CC9CAF0E-A62A-4E70-A3DA-42DC2C04F36E}.Debug|Any CPU.ActiveCfg = Debug|Any CPU
		{CC9CAF0E-A62A-4E70-A3DA-42DC2C04F36E}.Debug|Any CPU.Build.0 = Debug|Any CPU
		{CC9CAF0E-A62A-4E70-A3DA-42DC2C04F36E}.Release|Any CPU.ActiveCfg = Release|Any CPU
		{CC9CAF0E-A62A-4E70-A3DA-42DC2C04F36E}.Release|Any CPU.Build.0 = Release|Any CPU
	EndGlobalSection
	GlobalSection(SolutionProperties) = preSolution
		HideSolutionNode = FALSE
	EndGlobalSection
	GlobalSection(ExtensibilityGlobals) = postSolution
		SolutionGuid = {A55401B0-DAB1-43B7-BA2C-844AD9502D4C}
	EndGlobalSection
EndGlobal
